Microsoft Visual Studio Solution File, Format Version 12.00
# Visual Studio Version 17
VisualStudioVersion = 17.5.2.0
MinimumVisualStudioVersion = 10.0.40219.1
Project("{FAE04EC0-301F-11D3-BF4B-00C04F79EFBC}") = "ToDoListCli", "ToDoListCli.csproj", "{B9B9B8F9-4F5D-9D9B-EA87-4468574B6836}"
EndProject
Global
	GlobalSection(SolutionConfigurationPlatforms) = preSolution
		Debug|Any CPU = Debug|Any CPU
		Release|Any CPU = Release|Any CPU
	EndGlobalSection
	GlobalSection(ProjectConfigurationPlatforms) = postSolution
		{B9B9B8F9-4F5D-9D9B-EA87-4468574B6836}.Debug|Any CPU.ActiveCfg = Debug|Any CPU
		{B9B9B8F9-4F5D-9D9B-EA87-4468574B6836}.Debug|Any CPU.Build.0 = Debug|Any CPU
		{B9B9B8F9-4F5D-9D9B-EA87-4468574B6836}.Release|Any CPU.ActiveCfg = Release|Any CPU
		{B9B9B8F9-4F5D-9D9B-EA87-4468574B6836}.Release|Any CPU.Build.0 = Release|Any CPU
	EndGlobalSection
	GlobalSection(SolutionProperties) = preSolution
		HideSolutionNode = FALSE
	EndGlobalSection
	GlobalSection(ExtensibilityGlobals) = postSolution
		SolutionGuid = {E26D1C22-56AF-463B-AF2B-531CE9D6D63D}
	EndGlobalSection
EndGlobal
